
Microsoft Visual Studio Solution File, Format Version 12.00
# Visual Studio Version 17
VisualStudioVersion = 17.6.33723.286
MinimumVisualStudioVersion = 10.0.40219.1
Project("{9A19103F-16F7-4668-BE54-9A1E7A4F7556}") = "trilha-net-testes-unitarios-desafio-calculadora.console", "trilha-net-testes-unitarios-desafio-calculadora.console\trilha-net-testes-unitarios-desafio-calculadora.console.csproj", "{53E9A135-4A01-4545-9A77-9ACD1B5B5AE6}"
EndProject
Project("{FAE04EC0-301F-11D3-BF4B-00C04F79EFBC}") = "trilha-net-testes-unitarios-desafio-calculadora.Tests", "trilha-net-testes-unitarios-desafio-calculadora.Tests\trilha-net-testes-unitarios-desafio-calculadora.Tests.csproj", "{664F4C8B-1491-4876-909F-4695A077C6FD}"
EndProject
Global
	GlobalSection(SolutionConfigurationPlatforms) = preSolution
		Debug|Any CPU = Debug|Any CPU
		Release|Any CPU = Release|Any CPU
	EndGlobalSection
	GlobalSection(ProjectConfigurationPlatforms) = postSolution
		{53E9A135-4A01-4545-9A77-9ACD1B5B5AE6}.Debug|Any CPU.ActiveCfg = Debug|Any CPU
		{53E9A135-4A01-4545-9A77-9ACD1B5B5AE6}.Debug|Any CPU.Build.0 = Debug|Any CPU
		{53E9A135-4A01-4545-9A77-9ACD1B5B5AE6}.Release|Any CPU.ActiveCfg = Release|Any CPU
		{53E9A135-4A01-4545-9A77-9ACD1B5B5AE6}.Release|Any CPU.Build.0 = Release|Any CPU
		{664F4C8B-1491-4876-909F-4695A077C6FD}.Debug|Any CPU.ActiveCfg = Debug|Any CPU
		{664F4C8B-1491-4876-909F-4695A077C6FD}.Debug|Any CPU.Build.0 = Debug|Any CPU
		{664F4C8B-1491-4876-909F-4695A077C6FD}.Release|Any CPU.ActiveCfg = Release|Any CPU
		{664F4C8B-1491-4876-909F-4695A077C6FD}.Release|Any CPU.Build.0 = Release|Any CPU
	EndGlobalSection
	GlobalSection(SolutionProperties) = preSolution
		HideSolutionNode = FALSE
	EndGlobalSection
	GlobalSection(ExtensibilityGlobals) = postSolution
		SolutionGuid = {069A794C-7AFE-48F2-9027-EACDE28EF53C}
	EndGlobalSection
EndGlobal
